// !$*UTF8*$!
{
	archiveVersion = 1;
	classes = {
	};
	objectVersion = 48;
	objects = {

/* Begin PBXBuildFile section */
		5E1BBEC9201EF98600C6584C /* AppDelegate.swift in Sources */ = {isa = PBXBuildFile; fileRef = 5E1BBEC8201EF98600C6584C /* AppDelegate.swift */; };
		5E1BBECB201EF98600C6584C /* ViewController.swift in Sources */ = {isa = PBXBuildFile; fileRef = 5E1BBECA201EF98600C6584C /* ViewController.swift */; };
		5E1BBECE201EF98600C6584C /* Main.storyboard in Resources */ = {isa = PBXBuildFile; fileRef = 5E1BBECC201EF98600C6584C /* Main.storyboard */; };
		5E1BBED0201EF98600C6584C /* Assets.xcassets in Resources */ = {isa = PBXBuildFile; fileRef = 5E1BBECF201EF98600C6584C /* Assets.xcassets */; };
		5E1BBED3201EF98600C6584C /* LaunchScreen.storyboard in Resources */ = {isa = PBXBuildFile; fileRef = 5E1BBED1201EF98600C6584C /* LaunchScreen.storyboard */; };
		5E1BBEDE201EF98700C6584C /* AccelerometerTests.swift in Sources */ = {isa = PBXBuildFile; fileRef = 5E1BBEDD201EF98700C6584C /* AccelerometerTests.swift */; };
		5E1BBEE9201EF98700C6584C /* AccelerometerUITests.swift in Sources */ = {isa = PBXBuildFile; fileRef = 5E1BBEE8201EF98700C6584C /* AccelerometerUITests.swift */; };
/* End PBXBuildFile section */

/* Begin PBXContainerItemProxy section */
		5E1BBEDA201EF98600C6584C /* PBXContainerItemProxy */ = {
			isa = PBXContainerItemProxy;
			containerPortal = 5E1BBEBD201EF98600C6584C /* Project object */;
			proxyType = 1;
			remoteGlobalIDString = 5E1BBEC4201EF98600C6584C;
			remoteInfo = Accelerometer;
		};
		5E1BBEE5201EF98700C6584C /* PBXContainerItemProxy */ = {
			isa = PBXContainerItemProxy;
			containerPortal = 5E1BBEBD201EF98600C6584C /* Project object */;
			proxyType = 1;
			remoteGlobalIDString = 5E1BBEC4201EF98600C6584C;
			remoteInfo = Accelerometer;
		};
/* End PBXContainerItemProxy section */

/* Begin PBXFileReference section */
		5E1BBEC5201EF98600C6584C /* Accelerometer.app */ = {isa = PBXFileReference; explicitFileType = wrapper.application; includeInIndex = 0; path = Accelerometer.app; sourceTree = BUILT_PRODUCTS_DIR; };
		5E1BBEC8201EF98600C6584C /* AppDelegate.swift */ = {isa = PBXFileReference; lastKnownFileType = sourcecode.swift; path = AppDelegate.swift; sourceTree = "<group>"; };
		5E1BBECA201EF98600C6584C /* ViewController.swift */ = {isa = PBXFileReference; lastKnownFileType = sourcecode.swift; path = ViewController.swift; sourceTree = "<group>"; };
		5E1BBECD201EF98600C6584C /* Base */ = {isa = PBXFileReference; lastKnownFileType = file.storyboard; name = Base; path = Base.lproj/Main.storyboard; sourceTree = "<group>"; };
		5E1BBECF201EF98600C6584C /* Assets.xcassets */ = {isa = PBXFileReference; lastKnownFileType = folder.assetcatalog; path = Assets.xcassets; sourceTree = "<group>"; };
		5E1BBED2201EF98600C6584C /* Base */ = {isa = PBXFileReference; lastKnownFileType = file.storyboard; name = Base; path = Base.lproj/LaunchScreen.storyboard; sourceTree = "<group>"; };
		5E1BBED4201EF98600C6584C /* Info.plist */ = {isa = PBXFileReference; lastKnownFileType = text.plist.xml; path = Info.plist; sourceTree = "<group>"; };
		5E1BBED9201EF98600C6584C /* AccelerometerTests.xctest */ = {isa = PBXFileReference; explicitFileType = wrapper.cfbundle; includeInIndex = 0; path = AccelerometerTests.xctest; sourceTree = BUILT_PRODUCTS_DIR; };
		5E1BBEDD201EF98700C6584C /* AccelerometerTests.swift */ = {isa = PBXFileReference; lastKnownFileType = sourcecode.swift; path = AccelerometerTests.swift; sourceTree = "<group>"; };
		5E1BBEDF201EF98700C6584C /* Info.plist */ = {isa = PBXFileReference; lastKnownFileType = text.plist.xml; path = Info.plist; sourceTree = "<group>"; };
		5E1BBEE4201EF98700C6584C /* AccelerometerUITests.xctest */ = {isa = PBXFileReference; explicitFileType = wrapper.cfbundle; includeInIndex = 0; path = AccelerometerUITests.xctest; sourceTree = BUILT_PRODUCTS_DIR; };
		5E1BBEE8201EF98700C6584C /* AccelerometerUITests.swift */ = {isa = PBXFileReference; lastKnownFileType = sourcecode.swift; path = AccelerometerUITests.swift; sourceTree = "<group>"; };
		5E1BBEEA201EF98700C6584C /* Info.plist */ = {isa = PBXFileReference; lastKnownFileType = text.plist.xml; path = Info.plist; sourceTree = "<group>"; };
/* End PBXFileReference section */

/* Begin PBXFrameworksBuildPhase section */
		5E1BBEC2201EF98600C6584C /* Frameworks */ = {
			isa = PBXFrameworksBuildPhase;
			buildActionMask = 2147483647;
			files = (
			);
			runOnlyForDeploymentPostprocessing = 0;
		};
		5E1BBED6201EF98600C6584C /* Frameworks */ = {
			isa = PBXFrameworksBuildPhase;
			buildActionMask = 2147483647;
			files = (
			);
			runOnlyForDeploymentPostprocessing = 0;
		};
		5E1BBEE1201EF98700C6584C /* Frameworks */ = {
			isa = PBXFrameworksBuildPhase;
			buildActionMask = 2147483647;
			files = (
			);
			runOnlyForDeploymentPostprocessing = 0;
		};
/* End PBXFrameworksBuildPhase section */

/* Begin PBXGroup section */
		5E1BBEBC201EF98600C6584C = {
			isa = PBXGroup;
			children = (
				5E1BBEC7201EF98600C6584C /* Accelerometer */,
				5E1BBEDC201EF98700C6584C /* AccelerometerTests */,
				5E1BBEE7201EF98700C6584C /* AccelerometerUITests */,
				5E1BBEC6201EF98600C6584C /* Products */,
			);
			sourceTree = "<group>";
		};
		5E1BBEC6201EF98600C6584C /* Products */ = {
			isa = PBXGroup;
			children = (
				5E1BBEC5201EF98600C6584C /* Accelerometer.app */,
				5E1BBED9201EF98600C6584C /* AccelerometerTests.xctest */,
				5E1BBEE4201EF98700C6584C /* AccelerometerUITests.xctest */,
			);
			name = Products;
			sourceTree = "<group>";
		};
		5E1BBEC7201EF98600C6584C /* Accelerometer */ = {
			isa = PBXGroup;
			children = (
				5E1BBEC8201EF98600C6584C /* AppDelegate.swift */,
				5E1BBECA201EF98600C6584C /* ViewController.swift */,
				5E1BBECC201EF98600C6584C /* Main.storyboard */,
				5E1BBECF201EF98600C6584C /* Assets.xcassets */,
				5E1BBED1201EF98600C6584C /* LaunchScreen.storyboard */,
				5E1BBED4201EF98600C6584C /* Info.plist */,
			);
			path = Accelerometer;
			sourceTree = "<group>";
		};
		5E1BBEDC201EF98700C6584C /* AccelerometerTests */ = {
			isa = PBXGroup;
			children = (
				5E1BBEDD201EF98700C6584C /* AccelerometerTests.swift */,
				5E1BBEDF201EF98700C6584C /* Info.plist */,
			);
			path = AccelerometerTests;
			sourceTree = "<group>";
		};
		5E1BBEE7201EF98700C6584C /* AccelerometerUITests */ = {
			isa = PBXGroup;
			children = (
				5E1BBEE8201EF98700C6584C /* AccelerometerUITests.swift */,
				5E1BBEEA201EF98700C6584C /* Info.plist */,
			);
			path = AccelerometerUITests;
			sourceTree = "<group>";
		};
/* End PBXGroup section */

/* Begin PBXNativeTarget section */
		5E1BBEC4201EF98600C6584C /* Accelerometer */ = {
			isa = PBXNativeTarget;
			buildConfigurationList = 5E1BBEED201EF98700C6584C /* Build configuration list for PBXNativeTarget "Accelerometer" */;
			buildPhases = (
				5E1BBEC1201EF98600C6584C /* Sources */,
				5E1BBEC2201EF98600C6584C /* Frameworks */,
				5E1BBEC3201EF98600C6584C /* Resources */,
			);
			buildRules = (
			);
			dependencies = (
			);
			name = Accelerometer;
			productName = Accelerometer;
			productReference = 5E1BBEC5201EF98600C6584C /* Accelerometer.app */;
			productType = "com.apple.product-type.application";
		};
		5E1BBED8201EF98600C6584C /* AccelerometerTests */ = {
			isa = PBXNativeTarget;
			buildConfigurationList = 5E1BBEF0201EF98700C6584C /* Build configuration list for PBXNativeTarget "AccelerometerTests" */;
			buildPhases = (
				5E1BBED5201EF98600C6584C /* Sources */,
				5E1BBED6201EF98600C6584C /* Frameworks */,
				5E1BBED7201EF98600C6584C /* Resources */,
			);
			buildRules = (
			);
			dependencies = (
				5E1BBEDB201EF98600C6584C /* PBXTargetDependency */,
			);
			name = AccelerometerTests;
			productName = AccelerometerTests;
			productReference = 5E1BBED9201EF98600C6584C /* AccelerometerTests.xctest */;
			productType = "com.apple.product-type.bundle.unit-test";
		};
		5E1BBEE3201EF98700C6584C /* AccelerometerUITests */ = {
			isa = PBXNativeTarget;
			buildConfigurationList = 5E1BBEF3201EF98700C6584C /* Build configuration list for PBXNativeTarget "AccelerometerUITests" */;
			buildPhases = (
				5E1BBEE0201EF98700C6584C /* Sources */,
				5E1BBEE1201EF98700C6584C /* Frameworks */,
				5E1BBEE2201EF98700C6584C /* Resources */,
			);
			buildRules = (
			);
			dependencies = (
				5E1BBEE6201EF98700C6584C /* PBXTargetDependency */,
			);
			name = AccelerometerUITests;
			productName = AccelerometerUITests;
			productReference = 5E1BBEE4201EF98700C6584C /* AccelerometerUITests.xctest */;
			productType = "com.apple.product-type.bundle.ui-testing";
		};
/* End PBXNativeTarget section */

/* Begin PBXProject section */
		5E1BBEBD201EF98600C6584C /* Project object */ = {
			isa = PBXProject;
			attributes = {
				LastSwiftUpdateCheck = 0920;
				LastUpgradeCheck = 0920;
				ORGANIZATIONNAME = "小西夏穂";
				TargetAttributes = {
					5E1BBEC4201EF98600C6584C = {
						CreatedOnToolsVersion = 9.2;
						ProvisioningStyle = Automatic;
					};
					5E1BBED8201EF98600C6584C = {
						CreatedOnToolsVersion = 9.2;
						ProvisioningStyle = Automatic;
						TestTargetID = 5E1BBEC4201EF98600C6584C;
					};
					5E1BBEE3201EF98700C6584C = {
						CreatedOnToolsVersion = 9.2;
						ProvisioningStyle = Automatic;
						TestTargetID = 5E1BBEC4201EF98600C6584C;
					};
				};
			};
			buildConfigurationList = 5E1BBEC0201EF98600C6584C /* Build configuration list for PBXProject "Accelerometer" */;
			compatibilityVersion = "Xcode 8.0";
			developmentRegion = en;
			hasScannedForEncodings = 0;
			knownRegions = (
				en,
				Base,
			);
			mainGroup = 5E1BBEBC201EF98600C6584C;
			productRefGroup = 5E1BBEC6201EF98600C6584C /* Products */;
			projectDirPath = "";
			projectRoot = "";
			targets = (
				5E1BBEC4201EF98600C6584C /* Accelerometer */,
				5E1BBED8201EF98600C6584C /* AccelerometerTests */,
				5E1BBEE3201EF98700C6584C /* AccelerometerUITests */,
			);
		};
/* End PBXProject section */

/* Begin PBXResourcesBuildPhase section */
		5E1BBEC3201EF98600C6584C /* Resources */ = {
			isa = PBXResourcesBuildPhase;
			buildActionMask = 2147483647;
			files = (
				5E1BBED3201EF98600C6584C /* LaunchScreen.storyboard in Resources */,
				5E1BBED0201EF98600C6584C /* Assets.xcassets in Resources */,
				5E1BBECE201EF98600C6584C /* Main.storyboard in Resources */,
			);
			runOnlyForDeploymentPostprocessing = 0;
		};
		5E1BBED7201EF98600C6584C /* Resources */ = {
			isa = PBXResourcesBuildPhase;
			buildActionMask = 2147483647;
			files = (
			);
			runOnlyForDeploymentPostprocessing = 0;
		};
		5E1BBEE2201EF98700C6584C /* Resources */ = {
			isa = PBXResourcesBuildPhase;
			buildActionMask = 2147483647;
			files = (
			);
			runOnlyForDeploymentPostprocessing = 0;
		};
/* End PBXResourcesBuildPhase section */

/* Begin PBXSourcesBuildPhase section */
		5E1BBEC1201EF98600C6584C /* Sources */ = {
			isa = PBXSourcesBuildPhase;
			buildActionMask = 2147483647;
			files = (
				5E1BBECB201EF98600C6584C /* ViewController.swift in Sources */,
				5E1BBEC9201EF98600C6584C /* AppDelegate.swift in Sources */,
			);
			runOnlyForDeploymentPostprocessing = 0;
		};
		5E1BBED5201EF98600C6584C /* Sources */ = {
			isa = PBXSourcesBuildPhase;
			buildActionMask = 2147483647;
			files = (
				5E1BBEDE201EF98700C6584C /* AccelerometerTests.swift in Sources */,
			);
			runOnlyForDeploymentPostprocessing = 0;
		};
		5E1BBEE0201EF98700C6584C /* Sources */ = {
			isa = PBXSourcesBuildPhase;
			buildActionMask = 2147483647;
			files = (
				5E1BBEE9201EF98700C6584C /* AccelerometerUITests.swift in Sources */,
			);
			runOnlyForDeploymentPostprocessing = 0;
		};
/* End PBXSourcesBuildPhase section */

/* Begin PBXTargetDependency section */
		5E1BBEDB201EF98600C6584C /* PBXTargetDependency */ = {
			isa = PBXTargetDependency;
			target = 5E1BBEC4201EF98600C6584C /* Accelerometer */;
			targetProxy = 5E1BBEDA201EF98600C6584C /* PBXContainerItemProxy */;
		};
		5E1BBEE6201EF98700C6584C /* PBXTargetDependency */ = {
			isa = PBXTargetDependency;
			target = 5E1BBEC4201EF98600C6584C /* Accelerometer */;
			targetProxy = 5E1BBEE5201EF98700C6584C /* PBXContainerItemProxy */;
		};
/* End PBXTargetDependency section */

/* Begin PBXVariantGroup section */
		5E1BBECC201EF98600C6584C /* Main.storyboard */ = {
			isa = PBXVariantGroup;
			children = (
				5E1BBECD201EF98600C6584C /* Base */,
			);
			name = Main.storyboard;
			sourceTree = "<group>";
		};
		5E1BBED1201EF98600C6584C /* LaunchScreen.storyboard */ = {
			isa = PBXVariantGroup;
			children = (
				5E1BBED2201EF98600C6584C /* Base */,
			);
			name = LaunchScreen.storyboard;
			sourceTree = "<group>";
		};
/* End PBXVariantGroup section */

/* Begin XCBuildConfiguration section */
		5E1BBEEB201EF98700C6584C /* Debug */ = {
			isa = XCBuildConfiguration;
			buildSettings = {
				ALWAYS_SEARCH_USER_PATHS = NO;
				CLANG_ANALYZER_NONNULL = YES;
				CLANG_ANALYZER_NUMBER_OBJECT_CONVERSION = YES_AGGRESSIVE;
				CLANG_CXX_LANGUAGE_STANDARD = "gnu++14";
				CLANG_CXX_LIBRARY = "libc++";
				CLANG_ENABLE_MODULES = YES;
				CLANG_ENABLE_OBJC_ARC = YES;
				CLANG_WARN_BLOCK_CAPTURE_AUTORELEASING = YES;
				CLANG_WARN_BOOL_CONVERSION = YES;
				CLANG_WARN_COMMA = YES;
				CLANG_WARN_CONSTANT_CONVERSION = YES;
				CLANG_WARN_DIRECT_OBJC_ISA_USAGE = YES_ERROR;
				CLANG_WARN_DOCUMENTATION_COMMENTS = YES;
				CLANG_WARN_EMPTY_BODY = YES;
				CLANG_WARN_ENUM_CONVERSION = YES;
				CLANG_WARN_INFINITE_RECURSION = YES;
				CLANG_WARN_INT_CONVERSION = YES;
				CLANG_WARN_NON_LITERAL_NULL_CONVERSION = YES;
				CLANG_WARN_OBJC_LITERAL_CONVERSION = YES;
				CLANG_WARN_OBJC_ROOT_CLASS = YES_ERROR;
				CLANG_WARN_RANGE_LOOP_ANALYSIS = YES;
				CLANG_WARN_STRICT_PROTOTYPES = YES;
				CLANG_WARN_SUSPICIOUS_MOVE = YES;
				CLANG_WARN_UNGUARDED_AVAILABILITY = YES_AGGRESSIVE;
				CLANG_WARN_UNREACHABLE_CODE = YES;
				CLANG_WARN__DUPLICATE_METHOD_MATCH = YES;
				CODE_SIGN_IDENTITY = "iPhone Developer";
				COPY_PHASE_STRIP = NO;
				DEBUG_INFORMATION_FORMAT = dwarf;
				ENABLE_STRICT_OBJC_MSGSEND = YES;
				ENABLE_TESTABILITY = YES;
				GCC_C_LANGUAGE_STANDARD = gnu11;
				GCC_DYNAMIC_NO_PIC = NO;
				GCC_NO_COMMON_BLOCKS = YES;
				GCC_OPTIMIZATION_LEVEL = 0;
				GCC_PREPROCESSOR_DEFINITIONS = (
					"DEBUG=1",
					"$(inherited)",
				);
				GCC_WARN_64_TO_32_BIT_CONVERSION = YES;
				GCC_WARN_ABOUT_RETURN_TYPE = YES_ERROR;
				GCC_WARN_UNDECLARED_SELECTOR = YES;
				GCC_WARN_UNINITIALIZED_AUTOS = YES_AGGRESSIVE;
				GCC_WARN_UNUSED_FUNCTION = YES;
				GCC_WARN_UNUSED_VARIABLE = YES;
				IPHONEOS_DEPLOYMENT_TARGET = 11.2;
				MTL_ENABLE_DEBUG_INFO = YES;
				ONLY_ACTIVE_ARCH = YES;
				SDKROOT = iphoneos;
				SWIFT_ACTIVE_COMPILATION_CONDITIONS = DEBUG;
				SWIFT_OPTIMIZATION_LEVEL = "-Onone";
			};
			name = Debug;
		};
		5E1BBEEC201EF98700C6584C /* Release */ = {
			isa = XCBuildConfiguration;
			buildSettings = {
				ALWAYS_SEARCH_USER_PATHS = NO;
				CLANG_ANALYZER_NONNULL = YES;
				CLANG_ANALYZER_NUMBER_OBJECT_CONVERSION = YES_AGGRESSIVE;
				CLANG_CXX_LANGUAGE_STANDARD = "gnu++14";
				CLANG_CXX_LIBRARY = "libc++";
				CLANG_ENABLE_MODULES = YES;
				CLANG_ENABLE_OBJC_ARC = YES;
				CLANG_WARN_BLOCK_CAPTURE_AUTORELEASING = YES;
				CLANG_WARN_BOOL_CONVERSION = YES;
				CLANG_WARN_COMMA = YES;
				CLANG_WARN_CONSTANT_CONVERSION = YES;
				CLANG_WARN_DIRECT_OBJC_ISA_USAGE = YES_ERROR;
				CLANG_WARN_DOCUMENTATION_COMMENTS = YES;
				CLANG_WARN_EMPTY_BODY = YES;
				CLANG_WARN_ENUM_CONVERSION = YES;
				CLANG_WARN_INFINITE_RECURSION = YES;
				CLANG_WARN_INT_CONVERSION = YES;
				CLANG_WARN_NON_LITERAL_NULL_CONVERSION = YES;
				CLANG_WARN_OBJC_LITERAL_CONVERSION = YES;
				CLANG_WARN_OBJC_ROOT_CLASS = YES_ERROR;
				CLANG_WARN_RANGE_LOOP_ANALYSIS = YES;
				CLANG_WARN_STRICT_PROTOTYPES = YES;
				CLANG_WARN_SUSPICIOUS_MOVE = YES;
				CLANG_WARN_UNGUARDED_AVAILABILITY = YES_AGGRESSIVE;
				CLANG_WARN_UNREACHABLE_CODE = YES;
				CLANG_WARN__DUPLICATE_METHOD_MATCH = YES;
				CODE_SIGN_IDENTITY = "iPhone Developer";
				COPY_PHASE_STRIP = NO;
				DEBUG_INFORMATION_FORMAT = "dwarf-with-dsym";
				ENABLE_NS_ASSERTIONS = NO;
				ENABLE_STRICT_OBJC_MSGSEND = YES;
				GCC_C_LANGUAGE_STANDARD = gnu11;
				GCC_NO_COMMON_BLOCKS = YES;
				GCC_WARN_64_TO_32_BIT_CONVERSION = YES;
				GCC_WARN_ABOUT_RETURN_TYPE = YES_ERROR;
				GCC_WARN_UNDECLARED_SELECTOR = YES;
				GCC_WARN_UNINITIALIZED_AUTOS = YES_AGGRESSIVE;
				GCC_WARN_UNUSED_FUNCTION = YES;
				GCC_WARN_UNUSED_VARIABLE = YES;
				IPHONEOS_DEPLOYMENT_TARGET = 11.2;
				MTL_ENABLE_DEBUG_INFO = NO;
				SDKROOT = iphoneos;
				SWIFT_OPTIMIZATION_LEVEL = "-Owholemodule";
				VALIDATE_PRODUCT = YES;
			};
			name = Release;
		};
		5E1BBEEE201EF98700C6584C /* Debug */ = {
			isa = XCBuildConfiguration;
			buildSettings = {
				ASSETCATALOG_COMPILER_APPICON_NAME = AppIcon;
				CODE_SIGN_STYLE = Automatic;
				INFOPLIST_FILE = Accelerometer/Info.plist;
				LD_RUNPATH_SEARCH_PATHS = "$(inherited) @executable_path/Frameworks";
				PRODUCT_BUNDLE_IDENTIFIER = com.litech.Accelerometer;
				PRODUCT_NAME = "$(TARGET_NAME)";
				SWIFT_VERSION = 4.0;
				TARGETED_DEVICE_FAMILY = "1,2";
			};
			name = Debug;
		};
		5E1BBEEF201EF98700C6584C /* Release */ = {
			isa = XCBuildConfiguration;
			buildSettings = {
				ASSETCATALOG_COMPILER_APPICON_NAME = AppIcon;
				CODE_SIGN_STYLE = Automatic;
				INFOPLIST_FILE = Accelerometer/Info.plist;
				LD_RUNPATH_SEARCH_PATHS = "$(inherited) @executable_path/Frameworks";
				PRODUCT_BUNDLE_IDENTIFIER = com.litech.Accelerometer;
				PRODUCT_NAME = "$(TARGET_NAME)";
				SWIFT_VERSION = 4.0;
				TARGETED_DEVICE_FAMILY = "1,2";
			};
			name = Release;
		};
		5E1BBEF1201EF98700C6584C /* Debug */ = {
			isa = XCBuildConfiguration;
			buildSettings = {
				ALWAYS_EMBED_SWIFT_STANDARD_LIBRARIES = YES;
				BUNDLE_LOADER = "$(TEST_HOST)";
				CODE_SIGN_STYLE = Automatic;
				INFOPLIST_FILE = AccelerometerTests/Info.plist;
				LD_RUNPATH_SEARCH_PATHS = "$(inherited) @executable_path/Frameworks @loader_path/Frameworks";
				PRODUCT_BUNDLE_IDENTIFIER = com.litech.AccelerometerTests;
				PRODUCT_NAME = "$(TARGET_NAME)";
				SWIFT_VERSION = 4.0;
				TARGETED_DEVICE_FAMILY = "1,2";
				TEST_HOST = "$(BUILT_PRODUCTS_DIR)/Accelerometer.app/Accelerometer";
			};
			name = Debug;
		};
		5E1BBEF2201EF98700C6584C /* Release */ = {
			isa = XCBuildConfiguration;
			buildSettings = {
				ALWAYS_EMBED_SWIFT_STANDARD_LIBRARIES = YES;
				BUNDLE_LOADER = "$(TEST_HOST)";
				CODE_SIGN_STYLE = Automatic;
				INFOPLIST_FILE = AccelerometerTests/Info.plist;
				LD_RUNPATH_SEARCH_PATHS = "$(inherited) @executable_path/Frameworks @loader_path/Frameworks";
				PRODUCT_BUNDLE_IDENTIFIER = com.litech.AccelerometerTests;
				PRODUCT_NAME = "$(TARGET_NAME)";
				SWIFT_VERSION = 4.0;
				TARGETED_DEVICE_FAMILY = "1,2";
				TEST_HOST = "$(BUILT_PRODUCTS_DIR)/Accelerometer.app/Accelerometer";
			};
			name = Release;
		};
		5E1BBEF4201EF98700C6584C /* Debug */ = {
			isa = XCBuildConfiguration;
			buildSettings = {
				ALWAYS_EMBED_SWIFT_STANDARD_LIBRARIES = YES;
				CODE_SIGN_STYLE = Automatic;
				INFOPLIST_FILE = AccelerometerUITests/Info.plist;
				LD_RUNPATH_SEARCH_PATHS = "$(inherited) @executable_path/Frameworks @loader_path/Frameworks";
				PRODUCT_BUNDLE_IDENTIFIER = com.litech.AccelerometerUITests;
				PRODUCT_NAME = "$(TARGET_NAME)";
				SWIFT_VERSION = 4.0;
				TARGETED_DEVICE_FAMILY = "1,2";
				TEST_TARGET_NAME = Accelerometer;
			};
			name = Debug;
		};
		5E1BBEF5201EF98700C6584C /* Release */ = {
			isa = XCBuildConfiguration;
			buildSettings = {
				ALWAYS_EMBED_SWIFT_STANDARD_LIBRARIES = YES;
				CODE_SIGN_STYLE = Automatic;
				INFOPLIST_FILE = AccelerometerUITests/Info.plist;
				LD_RUNPATH_SEARCH_PATHS = "$(inherited) @executable_path/Frameworks @loader_path/Frameworks";
				PRODUCT_BUNDLE_IDENTIFIER = com.litech.AccelerometerUITests;
				PRODUCT_NAME = "$(TARGET_NAME)";
				SWIFT_VERSION = 4.0;
				TARGETED_DEVICE_FAMILY = "1,2";
				TEST_TARGET_NAME = Accelerometer;
			};
			name = Release;
		};
/* End XCBuildConfiguration section */

/* Begin XCConfigurationList section */
		5E1BBEC0201EF98600C6584C /* Build configuration list for PBXProject "Accelerometer" */ = {
			isa = XCConfigurationList;
			buildConfigurations = (
				5E1BBEEB201EF98700C6584C /* Debug */,
				5E1BBEEC201EF98700C6584C /* Release */,
			);
			defaultConfigurationIsVisible = 0;
			defaultConfigurationName = Release;
		};
		5E1BBEED201EF98700C6584C /* Build configuration list for PBXNativeTarget "Accelerometer" */ = {
			isa = XCConfigurationList;
			buildConfigurations = (
				5E1BBEEE201EF98700C6584C /* Debug */,
				5E1BBEEF201EF98700C6584C /* Release */,
			);
			defaultConfigurationIsVisible = 0;
			defaultConfigurationName = Release;
		};
		5E1BBEF0201EF98700C6584C /* Build configuration list for PBXNativeTarget "AccelerometerTests" */ = {
			isa = XCConfigurationList;
			buildConfigurations = (
				5E1BBEF1201EF98700C6584C /* Debug */,
				5E1BBEF2201EF98700C6584C /* Release */,
			);
			defaultConfigurationIsVisible = 0;
			defaultConfigurationName = Release;
		};
		5E1BBEF3201EF98700C6584C /* Build configuration list for PBXNativeTarget "AccelerometerUITests" */ = {
			isa = XCConfigurationList;
			buildConfigurations = (
				5E1BBEF4201EF98700C6584C /* Debug */,
				5E1BBEF5201EF98700C6584C /* Release */,
			);
			defaultConfigurationIsVisible = 0;
			defaultConfigurationName = Release;
		};
/* End XCConfigurationList section */
	};
	rootObject = 5E1BBEBD201EF98600C6584C /* Project object */;
}
